
Microsoft Visual Studio Solution File, Format Version 12.00
Project("{2150E333-8FDC-42A3-9474-1A3956D46DE8}") = "src", "src", "{E9F3615A-EE13-400E-98D0-C74A5A3E05E1}"
EndProject
Project("{2150E333-8FDC-42A3-9474-1A3956D46DE8}") = "test", "test", "{11535F1D-941F-44B1-BA2B-EA921F79A7BA}"
EndProject
Project("{FAE04EC0-301F-11D3-BF4B-00C04F79EFBC}") = "Bookify.Domain", "src\Bookify.Domain\Bookify.Domain.csproj", "{8F5AD145-CD03-452C-A717-A9F91877054D}"
EndProject
Project("{FAE04EC0-301F-11D3-BF4B-00C04F79EFBC}") = "Bookify.Application", "src\Bookify.Application\Bookify.Application.csproj", "{A8B3DAE2-2277-444B-B8E7-A43E929CA718}"
EndProject
Project("{FAE04EC0-301F-11D3-BF4B-00C04F79EFBC}") = "Bookify.Infrastructure", "src\Bookify.Infrastructure\Bookify.Infrastructure.csproj", "{6FA65A9A-34DF-4D5F-97BE-A279BDEE4FFC}"
EndProject
Project("{FAE04EC0-301F-11D3-BF4B-00C04F79EFBC}") = "Bookify.Api", "src\Bookify.Api\Bookify.Api.csproj", "{0FD47587-D528-4C46-A184-8F77CB73ADAB}"
EndProject
Project("{2150E333-8FDC-42A3-9474-1A3956D46DE8}") = "Solution Items", "Solution Items", "{6FA5C52C-A6EA-4056-A912-19BE96769E58}"
	ProjectSection(SolutionItems) = preProject
		docker-compose.yaml = docker-compose.yaml
		docker-compose.override.yaml = docker-compose.override.yaml
	EndProjectSection
EndProject
Project("{FAE04EC0-301F-11D3-BF4B-00C04F79EFBC}") = "Bookify.Domain.UnitTests", "test\Bookify.Domain.UnitTests\Bookify.Domain.UnitTests.csproj", "{3C54E084-C3EE-4560-96CD-E95ED4C1CB69}"
EndProject
Project("{FAE04EC0-301F-11D3-BF4B-00C04F79EFBC}") = "Bookify.Application.UnitTests", "test\Bookify.Application.UnitTests\Bookify.Application.UnitTests.csproj", "{0346629B-A65F-473F-B4EB-F3A9A6DFC444}"
EndProject
Project("{FAE04EC0-301F-11D3-BF4B-00C04F79EFBC}") = "Bookify.Application.IntegrationTests", "test\Bookify.Application.IntegrationTests\Bookify.Application.IntegrationTests.csproj", "{0EC6DFF2-7DAA-4E9C-8F03-C6AA989F1082}"
EndProject
Project("{FAE04EC0-301F-11D3-BF4B-00C04F79EFBC}") = "Bookify.Aspire.AppHost", "src\Bookify.Aspire.AppHost\Bookify.Aspire.AppHost.csproj", "{423AC273-8B7F-4487-B9D6-DD743495E95E}"
EndProject
Project("{FAE04EC0-301F-11D3-BF4B-00C04F79EFBC}") = "Bookify.Aspire.ServiceDefaults", "src\Bookify.Aspire.ServiceDefaults\Bookify.Aspire.ServiceDefaults.csproj", "{40C2B771-4B48-4808-B4C4-1EB2423156CB}"
EndProject
Global
	GlobalSection(SolutionConfigurationPlatforms) = preSolution
		Debug|Any CPU = Debug|Any CPU
		Debug|x64 = Debug|x64
		Debug|x86 = Debug|x86
		Release|Any CPU = Release|Any CPU
		Release|x64 = Release|x64
		Release|x86 = Release|x86
	EndGlobalSection
	GlobalSection(ProjectConfigurationPlatforms) = postSolution
		{8F5AD145-CD03-452C-A717-A9F91877054D}.Debug|Any CPU.ActiveCfg = Debug|Any CPU
		{8F5AD145-CD03-452C-A717-A9F91877054D}.Debug|Any CPU.Build.0 = Debug|Any CPU
		{8F5AD145-CD03-452C-A717-A9F91877054D}.Debug|x64.ActiveCfg = Debug|Any CPU
		{8F5AD145-CD03-452C-A717-A9F91877054D}.Debug|x64.Build.0 = Debug|Any CPU
		{8F5AD145-CD03-452C-A717-A9F91877054D}.Debug|x86.ActiveCfg = Debug|Any CPU
		{8F5AD145-CD03-452C-A717-A9F91877054D}.Debug|x86.Build.0 = Debug|Any CPU
		{8F5AD145-CD03-452C-A717-A9F91877054D}.Release|Any CPU.ActiveCfg = Release|Any CPU
		{8F5AD145-CD03-452C-A717-A9F91877054D}.Release|Any CPU.Build.0 = Release|Any CPU
		{8F5AD145-CD03-452C-A717-A9F91877054D}.Release|x64.ActiveCfg = Release|Any CPU
		{8F5AD145-CD03-452C-A717-A9F91877054D}.Release|x64.Build.0 = Release|Any CPU
		{8F5AD145-CD03-452C-A717-A9F91877054D}.Release|x86.ActiveCfg = Release|Any CPU
		{8F5AD145-CD03-452C-A717-A9F91877054D}.Release|x86.Build.0 = Release|Any CPU
		{A8B3DAE2-2277-444B-B8E7-A43E929CA718}.Debug|Any CPU.ActiveCfg = Debug|Any CPU
		{A8B3DAE2-2277-444B-B8E7-A43E929CA718}.Debug|Any CPU.Build.0 = Debug|Any CPU
		{A8B3DAE2-2277-444B-B8E7-A43E929CA718}.Debug|x64.ActiveCfg = Debug|Any CPU
		{A8B3DAE2-2277-444B-B8E7-A43E929CA718}.Debug|x64.Build.0 = Debug|Any CPU
		{A8B3DAE2-2277-444B-B8E7-A43E929CA718}.Debug|x86.ActiveCfg = Debug|Any CPU
		{A8B3DAE2-2277-444B-B8E7-A43E929CA718}.Debug|x86.Build.0 = Debug|Any CPU
		{A8B3DAE2-2277-444B-B8E7-A43E929CA718}.Release|Any CPU.ActiveCfg = Release|Any CPU
		{A8B3DAE2-2277-444B-B8E7-A43E929CA718}.Release|Any CPU.Build.0 = Release|Any CPU
		{A8B3DAE2-2277-444B-B8E7-A43E929CA718}.Release|x64.ActiveCfg = Release|Any CPU
		{A8B3DAE2-2277-444B-B8E7-A43E929CA718}.Release|x64.Build.0 = Release|Any CPU
		{A8B3DAE2-2277-444B-B8E7-A43E929CA718}.Release|x86.ActiveCfg = Release|Any CPU
		{A8B3DAE2-2277-444B-B8E7-A43E929CA718}.Release|x86.Build.0 = Release|Any CPU
		{6FA65A9A-34DF-4D5F-97BE-A279BDEE4FFC}.Debug|Any CPU.ActiveCfg = Debug|Any CPU
		{6FA65A9A-34DF-4D5F-97BE-A279BDEE4FFC}.Debug|Any CPU.Build.0 = Debug|Any CPU
		{6FA65A9A-34DF-4D5F-97BE-A279BDEE4FFC}.Debug|x64.ActiveCfg = Debug|Any CPU
		{6FA65A9A-34DF-4D5F-97BE-A279BDEE4FFC}.Debug|x64.Build.0 = Debug|Any CPU
		{6FA65A9A-34DF-4D5F-97BE-A279BDEE4FFC}.Debug|x86.ActiveCfg = Debug|Any CPU
		{6FA65A9A-34DF-4D5F-97BE-A279BDEE4FFC}.Debug|x86.Build.0 = Debug|Any CPU
		{6FA65A9A-34DF-4D5F-97BE-A279BDEE4FFC}.Release|Any CPU.ActiveCfg = Release|Any CPU
		{6FA65A9A-34DF-4D5F-97BE-A279BDEE4FFC}.Release|Any CPU.Build.0 = Release|Any CPU
		{6FA65A9A-34DF-4D5F-97BE-A279BDEE4FFC}.Release|x64.ActiveCfg = Release|Any CPU
		{6FA65A9A-34DF-4D5F-97BE-A279BDEE4FFC}.Release|x64.Build.0 = Release|Any CPU
		{6FA65A9A-34DF-4D5F-97BE-A279BDEE4FFC}.Release|x86.ActiveCfg = Release|Any CPU
		{6FA65A9A-34DF-4D5F-97BE-A279BDEE4FFC}.Release|x86.Build.0 = Release|Any CPU
		{0FD47587-D528-4C46-A184-8F77CB73ADAB}.Debug|Any CPU.ActiveCfg = Debug|Any CPU
		{0FD47587-D528-4C46-A184-8F77CB73ADAB}.Debug|Any CPU.Build.0 = Debug|Any CPU
		{0FD47587-D528-4C46-A184-8F77CB73ADAB}.Debug|x64.ActiveCfg = Debug|Any CPU
		{0FD47587-D528-4C46-A184-8F77CB73ADAB}.Debug|x64.Build.0 = Debug|Any CPU
		{0FD47587-D528-4C46-A184-8F77CB73ADAB}.Debug|x86.ActiveCfg = Debug|Any CPU
		{0FD47587-D528-4C46-A184-8F77CB73ADAB}.Debug|x86.Build.0 = Debug|Any CPU
		{0FD47587-D528-4C46-A184-8F77CB73ADAB}.Release|Any CPU.ActiveCfg = Release|Any CPU
		{0FD47587-D528-4C46-A184-8F77CB73ADAB}.Release|Any CPU.Build.0 = Release|Any CPU
		{0FD47587-D528-4C46-A184-8F77CB73ADAB}.Release|x64.ActiveCfg = Release|Any CPU
		{0FD47587-D528-4C46-A184-8F77CB73ADAB}.Release|x64.Build.0 = Release|Any CPU
		{0FD47587-D528-4C46-A184-8F77CB73ADAB}.Release|x86.ActiveCfg = Release|Any CPU
		{0FD47587-D528-4C46-A184-8F77CB73ADAB}.Release|x86.Build.0 = Release|Any CPU
		{3C54E084-C3EE-4560-96CD-E95ED4C1CB69}.Debug|Any CPU.ActiveCfg = Debug|Any CPU
		{3C54E084-C3EE-4560-96CD-E95ED4C1CB69}.Debug|Any CPU.Build.0 = Debug|Any CPU
		{3C54E084-C3EE-4560-96CD-E95ED4C1CB69}.Debug|x64.ActiveCfg = Debug|Any CPU
		{3C54E084-C3EE-4560-96CD-E95ED4C1CB69}.Debug|x64.Build.0 = Debug|Any CPU
		{3C54E084-C3EE-4560-96CD-E95ED4C1CB69}.Debug|x86.ActiveCfg = Debug|Any CPU
		{3C54E084-C3EE-4560-96CD-E95ED4C1CB69}.Debug|x86.Build.0 = Debug|Any CPU
		{3C54E084-C3EE-4560-96CD-E95ED4C1CB69}.Release|Any CPU.ActiveCfg = Release|Any CPU
		{3C54E084-C3EE-4560-96CD-E95ED4C1CB69}.Release|Any CPU.Build.0 = Release|Any CPU
		{3C54E084-C3EE-4560-96CD-E95ED4C1CB69}.Release|x64.ActiveCfg = Release|Any CPU
		{3C54E084-C3EE-4560-96CD-E95ED4C1CB69}.Release|x64.Build.0 = Release|Any CPU
		{3C54E084-C3EE-4560-96CD-E95ED4C1CB69}.Release|x86.ActiveCfg = Release|Any CPU
		{3C54E084-C3EE-4560-96CD-E95ED4C1CB69}.Release|x86.Build.0 = Release|Any CPU
		{0346629B-A65F-473F-B4EB-F3A9A6DFC444}.Debug|Any CPU.ActiveCfg = Debug|Any CPU
		{0346629B-A65F-473F-B4EB-F3A9A6DFC444}.Debug|Any CPU.Build.0 = Debug|Any CPU
		{0346629B-A65F-473F-B4EB-F3A9A6DFC444}.Debug|x64.ActiveCfg = Debug|Any CPU
		{0346629B-A65F-473F-B4EB-F3A9A6DFC444}.Debug|x64.Build.0 = Debug|Any CPU
		{0346629B-A65F-473F-B4EB-F3A9A6DFC444}.Debug|x86.ActiveCfg = Debug|Any CPU
		{0346629B-A65F-473F-B4EB-F3A9A6DFC444}.Debug|x86.Build.0 = Debug|Any CPU
		{0346629B-A65F-473F-B4EB-F3A9A6DFC444}.Release|Any CPU.ActiveCfg = Release|Any CPU
		{0346629B-A65F-473F-B4EB-F3A9A6DFC444}.Release|Any CPU.Build.0 = Release|Any CPU
		{0346629B-A65F-473F-B4EB-F3A9A6DFC444}.Release|x64.ActiveCfg = Release|Any CPU
		{0346629B-A65F-473F-B4EB-F3A9A6DFC444}.Release|x64.Build.0 = Release|Any CPU
		{0346629B-A65F-473F-B4EB-F3A9A6DFC444}.Release|x86.ActiveCfg = Release|Any CPU
		{0346629B-A65F-473F-B4EB-F3A9A6DFC444}.Release|x86.Build.0 = Release|Any CPU
		{0EC6DFF2-7DAA-4E9C-8F03-C6AA989F1082}.Debug|Any CPU.ActiveCfg = Debug|Any CPU
		{0EC6DFF2-7DAA-4E9C-8F03-C6AA989F1082}.Debug|Any CPU.Build.0 = Debug|Any CPU
		{0EC6DFF2-7DAA-4E9C-8F03-C6AA989F1082}.Debug|x64.ActiveCfg = Debug|Any CPU
		{0EC6DFF2-7DAA-4E9C-8F03-C6AA989F1082}.Debug|x64.Build.0 = Debug|Any CPU
		{0EC6DFF2-7DAA-4E9C-8F03-C6AA989F1082}.Debug|x86.ActiveCfg = Debug|Any CPU
		{0EC6DFF2-7DAA-4E9C-8F03-C6AA989F1082}.Debug|x86.Build.0 = Debug|Any CPU
		{0EC6DFF2-7DAA-4E9C-8F03-C6AA989F1082}.Release|Any CPU.ActiveCfg = Release|Any CPU
		{0EC6DFF2-7DAA-4E9C-8F03-C6AA989F1082}.Release|Any CPU.Build.0 = Release|Any CPU
		{0EC6DFF2-7DAA-4E9C-8F03-C6AA989F1082}.Release|x64.ActiveCfg = Release|Any CPU
		{0EC6DFF2-7DAA-4E9C-8F03-C6AA989F1082}.Release|x64.Build.0 = Release|Any CPU
		{0EC6DFF2-7DAA-4E9C-8F03-C6AA989F1082}.Release|x86.ActiveCfg = Release|Any CPU
		{0EC6DFF2-7DAA-4E9C-8F03-C6AA989F1082}.Release|x86.Build.0 = Release|Any CPU
		{423AC273-8B7F-4487-B9D6-DD743495E95E}.Debug|Any CPU.ActiveCfg = Debug|Any CPU
		{423AC273-8B7F-4487-B9D6-DD743495E95E}.Debug|Any CPU.Build.0 = Debug|Any CPU
		{423AC273-8B7F-4487-B9D6-DD743495E95E}.Debug|x64.ActiveCfg = Debug|Any CPU
		{423AC273-8B7F-4487-B9D6-DD743495E95E}.Debug|x64.Build.0 = Debug|Any CPU
		{423AC273-8B7F-4487-B9D6-DD743495E95E}.Debug|x86.ActiveCfg = Debug|Any CPU
		{423AC273-8B7F-4487-B9D6-DD743495E95E}.Debug|x86.Build.0 = Debug|Any CPU
		{423AC273-8B7F-4487-B9D6-DD743495E95E}.Release|Any CPU.ActiveCfg = Release|Any CPU
		{423AC273-8B7F-4487-B9D6-DD743495E95E}.Release|Any CPU.Build.0 = Release|Any CPU
		{423AC273-8B7F-4487-B9D6-DD743495E95E}.Release|x64.ActiveCfg = Release|Any CPU
		{423AC273-8B7F-4487-B9D6-DD743495E95E}.Release|x64.Build.0 = Release|Any CPU
		{423AC273-8B7F-4487-B9D6-DD743495E95E}.Release|x86.ActiveCfg = Release|Any CPU
		{423AC273-8B7F-4487-B9D6-DD743495E95E}.Release|x86.Build.0 = Release|Any CPU
		{40C2B771-4B48-4808-B4C4-1EB2423156CB}.Debug|Any CPU.ActiveCfg = Debug|Any CPU
		{40C2B771-4B48-4808-B4C4-1EB2423156CB}.Debug|Any CPU.Build.0 = Debug|Any CPU
		{40C2B771-4B48-4808-B4C4-1EB2423156CB}.Debug|x64.ActiveCfg = Debug|Any CPU
		{40C2B771-4B48-4808-B4C4-1EB2423156CB}.Debug|x64.Build.0 = Debug|Any CPU
		{40C2B771-4B48-4808-B4C4-1EB2423156CB}.Debug|x86.ActiveCfg = Debug|Any CPU
		{40C2B771-4B48-4808-B4C4-1EB2423156CB}.Debug|x86.Build.0 = Debug|Any CPU
		{40C2B771-4B48-4808-B4C4-1EB2423156CB}.Release|Any CPU.ActiveCfg = Release|Any CPU
		{40C2B771-4B48-4808-B4C4-1EB2423156CB}.Release|Any CPU.Build.0 = Release|Any CPU
		{40C2B771-4B48-4808-B4C4-1EB2423156CB}.Release|x64.ActiveCfg = Release|Any CPU
		{40C2B771-4B48-4808-B4C4-1EB2423156CB}.Release|x64.Build.0 = Release|Any CPU
		{40C2B771-4B48-4808-B4C4-1EB2423156CB}.Release|x86.ActiveCfg = Release|Any CPU
		{40C2B771-4B48-4808-B4C4-1EB2423156CB}.Release|x86.Build.0 = Release|Any CPU
	EndGlobalSection
	GlobalSection(SolutionProperties) = preSolution
		HideSolutionNode = FALSE
	EndGlobalSection
	GlobalSection(NestedProjects) = preSolution
		{8F5AD145-CD03-452C-A717-A9F91877054D} = {E9F3615A-EE13-400E-98D0-C74A5A3E05E1}
		{A8B3DAE2-2277-444B-B8E7-A43E929CA718} = {E9F3615A-EE13-400E-98D0-C74A5A3E05E1}
		{6FA65A9A-34DF-4D5F-97BE-A279BDEE4FFC} = {E9F3615A-EE13-400E-98D0-C74A5A3E05E1}
		{0FD47587-D528-4C46-A184-8F77CB73ADAB} = {E9F3615A-EE13-400E-98D0-C74A5A3E05E1}
		{3C54E084-C3EE-4560-96CD-E95ED4C1CB69} = {11535F1D-941F-44B1-BA2B-EA921F79A7BA}
		{0346629B-A65F-473F-B4EB-F3A9A6DFC444} = {11535F1D-941F-44B1-BA2B-EA921F79A7BA}
		{0EC6DFF2-7DAA-4E9C-8F03-C6AA989F1082} = {11535F1D-941F-44B1-BA2B-EA921F79A7BA}
		{423AC273-8B7F-4487-B9D6-DD743495E95E} = {E9F3615A-EE13-400E-98D0-C74A5A3E05E1}
		{40C2B771-4B48-4808-B4C4-1EB2423156CB} = {E9F3615A-EE13-400E-98D0-C74A5A3E05E1}
	EndGlobalSection
EndGlobal
